{
  "name": "@0bdx/cli-upgrade",
  "version": "0.0.2",
  "lockfileVersion": 2,
  "requires": true,
  "packages": {
    "": {
      "name": "0bdx/cli-upgrade",
      "version": "0.0.2",
      "license": "MIT",
      "dependencies": {
        "fsevents": "^2.3.2"
      },
      "bin": {
        "0bdx-upgrade": "bin/0bdx-upgrade.js"
      },
      "devDependencies": {
        "@0bdx/build-helpers": "^0.0.4",
        "@types/node": "^18.13.0",
        "rollup": "^3.15.0"
      },
      "engines": {
        "node": ">= 14.0.0"
      }
    },
    "node_modules/@0bdx/build-helpers": {
      "version": "0.0.4",
      "resolved": "https://registry.npmjs.org/@0bdx/build-helpers/-/build-helpers-0.0.4.tgz",
      "integrity": "sha512-Uro0Mpdhhwi9bAYuPP/SAPnbB/y0le4xwYcEJiBvOlaetiEyGoLeGNROobUYTpx/8qmIQDCszBU65k8vCqepnA==",
      "dev": true,
      "engines": {
        "node": ">= 14.0.0"
      }
    },
    "node_modules/@types/node": {
      "version": "18.13.0",
      "resolved": "https://registry.npmjs.org/@types/node/-/node-18.13.0.tgz",
      "integrity": "sha512-gC3TazRzGoOnoKAhUx+Q0t8S9Tzs74z7m0ipwGpSqQrleP14hKxP4/JUeEQcD3W1/aIpnWl8pHowI7WokuZpXg==",
      "dev": true
    },
    "node_modules/fsevents": {
      "version": "2.3.2",
      "license": "MIT",
      "os": [
        "darwin"
      ],
      "engines": {
        "node": "^8.16.0 || ^10.6.0 || >=11.0.0"
      }
    },
    "node_modules/rollup": {
      "version": "3.15.0",
      "resolved": "https://registry.npmjs.org/rollup/-/rollup-3.15.0.tgz",
      "integrity": "sha512-F9hrCAhnp5/zx/7HYmftvsNBkMfLfk/dXUh73hPSM2E3CRgap65orDNJbLetoiUFwSAk6iHPLvBrZ5iHYvzqsg==",
      "dev": true,
      "bin": {
        "rollup": "dist/bin/rollup"
      },
      "engines": {
        "node": ">=14.18.0",
        "npm": ">=8.0.0"
      },
      "optionalDependencies": {
        "fsevents": "~2.3.2"
      }
    }
  },
  "dependencies": {
    "@0bdx/build-helpers": {
      "version": "0.0.4",
      "resolved": "https://registry.npmjs.org/@0bdx/build-helpers/-/build-helpers-0.0.4.tgz",
      "integrity": "sha512-Uro0Mpdhhwi9bAYuPP/SAPnbB/y0le4xwYcEJiBvOlaetiEyGoLeGNROobUYTpx/8qmIQDCszBU65k8vCqepnA==",
      "dev": true
    },
    "@types/node": {
      "version": "18.13.0",
      "resolved": "https://registry.npmjs.org/@types/node/-/node-18.13.0.tgz",
      "integrity": "sha512-gC3TazRzGoOnoKAhUx+Q0t8S9Tzs74z7m0ipwGpSqQrleP14hKxP4/JUeEQcD3W1/aIpnWl8pHowI7WokuZpXg==",
      "dev": true
    },
    "fsevents": {
      "version": "2.3.2"
    },
    "rollup": {
      "version": "3.15.0",
      "resolved": "https://registry.npmjs.org/rollup/-/rollup-3.15.0.tgz",
      "integrity": "sha512-F9hrCAhnp5/zx/7HYmftvsNBkMfLfk/dXUh73hPSM2E3CRgap65orDNJbLetoiUFwSAk6iHPLvBrZ5iHYvzqsg==",
      "dev": true,
      "requires": {
        "fsevents": "~2.3.2"
      }
    }
  }
}
